
Microsoft Visual Studio Solution File, Format Version 12.00
# Visual Studio 14
VisualStudioVersion = 14.0.22823.1
MinimumVisualStudioVersion = 10.0.40219.1
Project("{FAE04EC0-301F-11D3-BF4B-00C04F79EFBC}") = "CrossConnect10", "CrossConnect10\CrossConnect10.csproj", "{62EBE925-891A-4239-922C-F2C1F8CEC08A}"
EndProject
Project("{FAE04EC0-301F-11D3-BF4B-00C04F79EFBC}") = "Hoot", "Hoot\Hoot.csproj", "{C7C5BDB3-B729-4B44-B236-C77C14A9C9E1}"
EndProject
Project("{FAE04EC0-301F-11D3-BF4B-00C04F79EFBC}") = "Sword", "Sword\Sword.csproj", "{727F835F-97DF-4963-83AF-1AFBE8362656}"
EndProject
Project("{FAE04EC0-301F-11D3-BF4B-00C04F79EFBC}") = "NotificationExtensions", "NotificationExtensions\NotificationExtensions.csproj", "{8B856D07-7611-4F26-879E-D2C962222039}"
EndProject
Project("{FAE04EC0-301F-11D3-BF4B-00C04F79EFBC}") = "zlib", "zlib\zlib.csproj", "{6DC9A5B6-4D16-4C58-8CA8-6153E0A02530}"
EndProject
Global
	GlobalSection(SolutionConfigurationPlatforms) = preSolution
		Debug|Any CPU = Debug|Any CPU
		Debug|ARM = Debug|ARM
		Debug|x64 = Debug|x64
		Debug|x86 = Debug|x86
		Release|Any CPU = Release|Any CPU
		Release|ARM = Release|ARM
		Release|x64 = Release|x64
		Release|x86 = Release|x86
	EndGlobalSection
	GlobalSection(ProjectConfigurationPlatforms) = postSolution
		{62EBE925-891A-4239-922C-F2C1F8CEC08A}.Debug|Any CPU.ActiveCfg = Debug|x86
		{62EBE925-891A-4239-922C-F2C1F8CEC08A}.Debug|Any CPU.Build.0 = Debug|x86
		{62EBE925-891A-4239-922C-F2C1F8CEC08A}.Debug|Any CPU.Deploy.0 = Debug|x86
		{62EBE925-891A-4239-922C-F2C1F8CEC08A}.Debug|ARM.ActiveCfg = Debug|ARM
		{62EBE925-891A-4239-922C-F2C1F8CEC08A}.Debug|ARM.Build.0 = Debug|ARM
		{62EBE925-891A-4239-922C-F2C1F8CEC08A}.Debug|ARM.Deploy.0 = Debug|ARM
		{62EBE925-891A-4239-922C-F2C1F8CEC08A}.Debug|x64.ActiveCfg = Debug|x64
		{62EBE925-891A-4239-922C-F2C1F8CEC08A}.Debug|x64.Build.0 = Debug|x64
		{62EBE925-891A-4239-922C-F2C1F8CEC08A}.Debug|x64.Deploy.0 = Debug|x64
		{62EBE925-891A-4239-922C-F2C1F8CEC08A}.Debug|x86.ActiveCfg = Debug|x86
		{62EBE925-891A-4239-922C-F2C1F8CEC08A}.Debug|x86.Build.0 = Debug|x86
		{62EBE925-891A-4239-922C-F2C1F8CEC08A}.Debug|x86.Deploy.0 = Debug|x86
		{62EBE925-891A-4239-922C-F2C1F8CEC08A}.Release|Any CPU.ActiveCfg = Release|x86
		{62EBE925-891A-4239-922C-F2C1F8CEC08A}.Release|Any CPU.Build.0 = Release|x86
		{62EBE925-891A-4239-922C-F2C1F8CEC08A}.Release|Any CPU.Deploy.0 = Release|x86
		{62EBE925-891A-4239-922C-F2C1F8CEC08A}.Release|ARM.ActiveCfg = Release|ARM
		{62EBE925-891A-4239-922C-F2C1F8CEC08A}.Release|ARM.Build.0 = Release|ARM
		{62EBE925-891A-4239-922C-F2C1F8CEC08A}.Release|ARM.Deploy.0 = Release|ARM
		{62EBE925-891A-4239-922C-F2C1F8CEC08A}.Release|x64.ActiveCfg = Release|x64
		{62EBE925-891A-4239-922C-F2C1F8CEC08A}.Release|x64.Build.0 = Release|x64
		{62EBE925-891A-4239-922C-F2C1F8CEC08A}.Release|x64.Deploy.0 = Release|x64
		{62EBE925-891A-4239-922C-F2C1F8CEC08A}.Release|x86.ActiveCfg = Release|x86
		{62EBE925-891A-4239-922C-F2C1F8CEC08A}.Release|x86.Build.0 = Release|x86
		{62EBE925-891A-4239-922C-F2C1F8CEC08A}.Release|x86.Deploy.0 = Release|x86
		{C7C5BDB3-B729-4B44-B236-C77C14A9C9E1}.Debug|Any CPU.ActiveCfg = Debug|Any CPU
		{C7C5BDB3-B729-4B44-B236-C77C14A9C9E1}.Debug|Any CPU.Build.0 = Debug|Any CPU
		{C7C5BDB3-B729-4B44-B236-C77C14A9C9E1}.Debug|ARM.ActiveCfg = Debug|ARM
		{C7C5BDB3-B729-4B44-B236-C77C14A9C9E1}.Debug|ARM.Build.0 = Debug|ARM
		{C7C5BDB3-B729-4B44-B236-C77C14A9C9E1}.Debug|x64.ActiveCfg = Debug|x64
		{C7C5BDB3-B729-4B44-B236-C77C14A9C9E1}.Debug|x64.Build.0 = Debug|x64
		{C7C5BDB3-B729-4B44-B236-C77C14A9C9E1}.Debug|x86.ActiveCfg = Debug|x86
		{C7C5BDB3-B729-4B44-B236-C77C14A9C9E1}.Debug|x86.Build.0 = Debug|x86
		{C7C5BDB3-B729-4B44-B236-C77C14A9C9E1}.Release|Any CPU.ActiveCfg = Release|Any CPU
		{C7C5BDB3-B729-4B44-B236-C77C14A9C9E1}.Release|Any CPU.Build.0 = Release|Any CPU
		{C7C5BDB3-B729-4B44-B236-C77C14A9C9E1}.Release|ARM.ActiveCfg = Release|ARM
		{C7C5BDB3-B729-4B44-B236-C77C14A9C9E1}.Release|ARM.Build.0 = Release|ARM
		{C7C5BDB3-B729-4B44-B236-C77C14A9C9E1}.Release|x64.ActiveCfg = Release|x64
		{C7C5BDB3-B729-4B44-B236-C77C14A9C9E1}.Release|x64.Build.0 = Release|x64
		{C7C5BDB3-B729-4B44-B236-C77C14A9C9E1}.Release|x86.ActiveCfg = Release|x86
		{C7C5BDB3-B729-4B44-B236-C77C14A9C9E1}.Release|x86.Build.0 = Release|x86
		{727F835F-97DF-4963-83AF-1AFBE8362656}.Debug|Any CPU.ActiveCfg = Debug|Any CPU
		{727F835F-97DF-4963-83AF-1AFBE8362656}.Debug|Any CPU.Build.0 = Debug|Any CPU
		{727F835F-97DF-4963-83AF-1AFBE8362656}.Debug|ARM.ActiveCfg = Debug|ARM
		{727F835F-97DF-4963-83AF-1AFBE8362656}.Debug|ARM.Build.0 = Debug|ARM
		{727F835F-97DF-4963-83AF-1AFBE8362656}.Debug|x64.ActiveCfg = Debug|x64
		{727F835F-97DF-4963-83AF-1AFBE8362656}.Debug|x64.Build.0 = Debug|x64
		{727F835F-97DF-4963-83AF-1AFBE8362656}.Debug|x86.ActiveCfg = Debug|x86
		{727F835F-97DF-4963-83AF-1AFBE8362656}.Debug|x86.Build.0 = Debug|x86
		{727F835F-97DF-4963-83AF-1AFBE8362656}.Release|Any CPU.ActiveCfg = Release|Any CPU
		{727F835F-97DF-4963-83AF-1AFBE8362656}.Release|Any CPU.Build.0 = Release|Any CPU
		{727F835F-97DF-4963-83AF-1AFBE8362656}.Release|ARM.ActiveCfg = Release|ARM
		{727F835F-97DF-4963-83AF-1AFBE8362656}.Release|ARM.Build.0 = Release|ARM
		{727F835F-97DF-4963-83AF-1AFBE8362656}.Release|x64.ActiveCfg = Release|x64
		{727F835F-97DF-4963-83AF-1AFBE8362656}.Release|x64.Build.0 = Release|x64
		{727F835F-97DF-4963-83AF-1AFBE8362656}.Release|x86.ActiveCfg = Release|x86
		{727F835F-97DF-4963-83AF-1AFBE8362656}.Release|x86.Build.0 = Release|x86
		{8B856D07-7611-4F26-879E-D2C962222039}.Debug|Any CPU.ActiveCfg = Debug|Any CPU
		{8B856D07-7611-4F26-879E-D2C962222039}.Debug|Any CPU.Build.0 = Debug|Any CPU
		{8B856D07-7611-4F26-879E-D2C962222039}.Debug|ARM.ActiveCfg = Debug|ARM
		{8B856D07-7611-4F26-879E-D2C962222039}.Debug|ARM.Build.0 = Debug|ARM
		{8B856D07-7611-4F26-879E-D2C962222039}.Debug|x64.ActiveCfg = Debug|x64
		{8B856D07-7611-4F26-879E-D2C962222039}.Debug|x64.Build.0 = Debug|x64
		{8B856D07-7611-4F26-879E-D2C962222039}.Debug|x86.ActiveCfg = Debug|x86
		{8B856D07-7611-4F26-879E-D2C962222039}.Debug|x86.Build.0 = Debug|x86
		{8B856D07-7611-4F26-879E-D2C962222039}.Release|Any CPU.ActiveCfg = Release|Any CPU
		{8B856D07-7611-4F26-879E-D2C962222039}.Release|Any CPU.Build.0 = Release|Any CPU
		{8B856D07-7611-4F26-879E-D2C962222039}.Release|ARM.ActiveCfg = Release|ARM
		{8B856D07-7611-4F26-879E-D2C962222039}.Release|ARM.Build.0 = Release|ARM
		{8B856D07-7611-4F26-879E-D2C962222039}.Release|x64.ActiveCfg = Release|x64
		{8B856D07-7611-4F26-879E-D2C962222039}.Release|x64.Build.0 = Release|x64
		{8B856D07-7611-4F26-879E-D2C962222039}.Release|x86.ActiveCfg = Release|x86
		{8B856D07-7611-4F26-879E-D2C962222039}.Release|x86.Build.0 = Release|x86
		{6DC9A5B6-4D16-4C58-8CA8-6153E0A02530}.Debug|Any CPU.ActiveCfg = Debug|Any CPU
		{6DC9A5B6-4D16-4C58-8CA8-6153E0A02530}.Debug|Any CPU.Build.0 = Debug|Any CPU
		{6DC9A5B6-4D16-4C58-8CA8-6153E0A02530}.Debug|ARM.ActiveCfg = Debug|ARM
		{6DC9A5B6-4D16-4C58-8CA8-6153E0A02530}.Debug|ARM.Build.0 = Debug|ARM
		{6DC9A5B6-4D16-4C58-8CA8-6153E0A02530}.Debug|x64.ActiveCfg = Debug|x64
		{6DC9A5B6-4D16-4C58-8CA8-6153E0A02530}.Debug|x64.Build.0 = Debug|x64
		{6DC9A5B6-4D16-4C58-8CA8-6153E0A02530}.Debug|x86.ActiveCfg = Debug|x86
		{6DC9A5B6-4D16-4C58-8CA8-6153E0A02530}.Debug|x86.Build.0 = Debug|x86
		{6DC9A5B6-4D16-4C58-8CA8-6153E0A02530}.Release|Any CPU.ActiveCfg = Release|Any CPU
		{6DC9A5B6-4D16-4C58-8CA8-6153E0A02530}.Release|Any CPU.Build.0 = Release|Any CPU
		{6DC9A5B6-4D16-4C58-8CA8-6153E0A02530}.Release|ARM.ActiveCfg = Release|ARM
		{6DC9A5B6-4D16-4C58-8CA8-6153E0A02530}.Release|ARM.Build.0 = Release|ARM
		{6DC9A5B6-4D16-4C58-8CA8-6153E0A02530}.Release|x64.ActiveCfg = Release|x64
		{6DC9A5B6-4D16-4C58-8CA8-6153E0A02530}.Release|x64.Build.0 = Release|x64
		{6DC9A5B6-4D16-4C58-8CA8-6153E0A02530}.Release|x86.ActiveCfg = Release|x86
		{6DC9A5B6-4D16-4C58-8CA8-6153E0A02530}.Release|x86.Build.0 = Release|x86
	EndGlobalSection
	GlobalSection(SolutionProperties) = preSolution
		HideSolutionNode = FALSE
	EndGlobalSection
EndGlobal
