Microsoft Visual Studio Solution File, Format Version 11.00
# Visual Studio 2010
Project("{FAE04EC0-301F-11D3-BF4B-00C04F79EFBC}") = "Snowball.Net-2.0.0", "Snowball.Net-2.0.0.csproj", "{8F9D7A92-F122-413E-9D8D-027E4ECD327C}"
EndProject
Global
	GlobalSection(SolutionConfigurationPlatforms) = preSolution
		Debug|Any CPU = Debug|Any CPU
		Release|Any CPU = Release|Any CPU
	EndGlobalSection
	GlobalSection(ProjectConfigurationPlatforms) = postSolution
		{8F9D7A92-F122-413E-9D8D-027E4ECD327C}.Debug|Any CPU.ActiveCfg = Debug|Any CPU
		{8F9D7A92-F122-413E-9D8D-027E4ECD327C}.Debug|Any CPU.Build.0 = Debug|Any CPU
		{8F9D7A92-F122-413E-9D8D-027E4ECD327C}.Release|Any CPU.ActiveCfg = Release|Any CPU
		{8F9D7A92-F122-413E-9D8D-027E4ECD327C}.Release|Any CPU.Build.0 = Release|Any CPU
	EndGlobalSection
	GlobalSection(SolutionProperties) = preSolution
		HideSolutionNode = FALSE
	EndGlobalSection
	GlobalSection(DPCodeReviewSolutionGUID) = preSolution
		DPCodeReviewSolutionGUID = {00000000-0000-0000-0000-000000000000}
	EndGlobalSection
EndGlobal
