
Microsoft Visual Studio Solution File, Format Version 11.00
# Visual Studio 2010
Project("{FAE04EC0-301F-11D3-BF4B-00C04F79EFBC}") = "CrossConnect", "CrossConnect\CrossConnect.csproj", "{79E7C84A-B7CB-45C3-9DF4-F2D4703AB944}"
EndProject
Project("{FAE04EC0-301F-11D3-BF4B-00C04F79EFBC}") = "Zip", "zip2\Zip.csproj", "{460C536A-FA50-46C0-B9DA-A0B4F8546AEE}"
EndProject
Project("{FAE04EC0-301F-11D3-BF4B-00C04F79EFBC}") = "zlib", "zlib\zlib.csproj", "{EA329551-869B-40A5-BC2A-A415E35A9D98}"
EndProject
Project("{FAE04EC0-301F-11D3-BF4B-00C04F79EFBC}") = "SwordBackend", "Sword\SwordBackend.csproj", "{CE4B6565-208F-41DA-B260-30C8758AD9F4}"
EndProject
Global
	GlobalSection(SolutionConfigurationPlatforms) = preSolution
		Debug|Any CPU = Debug|Any CPU
		Release|Any CPU = Release|Any CPU
	EndGlobalSection
	GlobalSection(ProjectConfigurationPlatforms) = postSolution
		{79E7C84A-B7CB-45C3-9DF4-F2D4703AB944}.Debug|Any CPU.ActiveCfg = Debug|Any CPU
		{79E7C84A-B7CB-45C3-9DF4-F2D4703AB944}.Debug|Any CPU.Build.0 = Debug|Any CPU
		{79E7C84A-B7CB-45C3-9DF4-F2D4703AB944}.Debug|Any CPU.Deploy.0 = Debug|Any CPU
		{79E7C84A-B7CB-45C3-9DF4-F2D4703AB944}.Release|Any CPU.ActiveCfg = Release|Any CPU
		{79E7C84A-B7CB-45C3-9DF4-F2D4703AB944}.Release|Any CPU.Build.0 = Release|Any CPU
		{79E7C84A-B7CB-45C3-9DF4-F2D4703AB944}.Release|Any CPU.Deploy.0 = Release|Any CPU
		{460C536A-FA50-46C0-B9DA-A0B4F8546AEE}.Debug|Any CPU.ActiveCfg = Debug|Any CPU
		{460C536A-FA50-46C0-B9DA-A0B4F8546AEE}.Debug|Any CPU.Build.0 = Debug|Any CPU
		{460C536A-FA50-46C0-B9DA-A0B4F8546AEE}.Release|Any CPU.ActiveCfg = Release|Any CPU
		{460C536A-FA50-46C0-B9DA-A0B4F8546AEE}.Release|Any CPU.Build.0 = Release|Any CPU
		{EA329551-869B-40A5-BC2A-A415E35A9D98}.Debug|Any CPU.ActiveCfg = Debug|Any CPU
		{EA329551-869B-40A5-BC2A-A415E35A9D98}.Debug|Any CPU.Build.0 = Debug|Any CPU
		{EA329551-869B-40A5-BC2A-A415E35A9D98}.Release|Any CPU.ActiveCfg = Release|Any CPU
		{EA329551-869B-40A5-BC2A-A415E35A9D98}.Release|Any CPU.Build.0 = Release|Any CPU
		{CE4B6565-208F-41DA-B260-30C8758AD9F4}.Debug|Any CPU.ActiveCfg = Debug|Any CPU
		{CE4B6565-208F-41DA-B260-30C8758AD9F4}.Debug|Any CPU.Build.0 = Debug|Any CPU
		{CE4B6565-208F-41DA-B260-30C8758AD9F4}.Release|Any CPU.ActiveCfg = Release|Any CPU
		{CE4B6565-208F-41DA-B260-30C8758AD9F4}.Release|Any CPU.Build.0 = Release|Any CPU
	EndGlobalSection
	GlobalSection(SolutionProperties) = preSolution
		HideSolutionNode = FALSE
	EndGlobalSection
EndGlobal
