
Microsoft Visual Studio Solution File, Format Version 12.00
# Visual Studio 2013
VisualStudioVersion = 12.0.30501.0
MinimumVisualStudioVersion = 10.0.40219.1
Project("{FAE04EC0-301F-11D3-BF4B-00C04F79EFBC}") = "CrossConnect.WP8", "CrossConnect\CrossConnect.WP8.csproj", "{79E7C84A-B7CB-45C3-9DF4-F2D4703AB944}"
EndProject
Project("{FAE04EC0-301F-11D3-BF4B-00C04F79EFBC}") = "Zip.WP8", "zip2\Zip.WP8.csproj", "{460C536A-FA50-46C0-B9DA-A0B4F8546AEE}"
EndProject
Project("{FAE04EC0-301F-11D3-BF4B-00C04F79EFBC}") = "zlib.WP8", "zlib\zlib.WP8.csproj", "{EA329551-869B-40A5-BC2A-A415E35A9D98}"
EndProject
Project("{FAE04EC0-301F-11D3-BF4B-00C04F79EFBC}") = "Sword.WP8", "Sword\Sword.WP8.csproj", "{CE4B6565-208F-41DA-B260-30C8758AD9F4}"
EndProject
Project("{FAE04EC0-301F-11D3-BF4B-00C04F79EFBC}") = "Hoot.WP8", "Hoot\Hoot.WP8.csproj", "{1896345A-8FAC-4D7E-A754-1509F4AA77D5}"
EndProject
Project("{FAE04EC0-301F-11D3-BF4B-00C04F79EFBC}") = "AudioPlaybackAgent1.WP8", "AudioPlaybackAgent1\AudioPlaybackAgent1.WP8.csproj", "{F2BA106B-3098-495F-90DC-D23E5458C95B}"
EndProject
Global
	GlobalSection(SolutionConfigurationPlatforms) = preSolution
		Debug|Any CPU = Debug|Any CPU
		Debug|ARM = Debug|ARM
		Release|Any CPU = Release|Any CPU
		Release|ARM = Release|ARM
	EndGlobalSection
	GlobalSection(ProjectConfigurationPlatforms) = postSolution
		{79E7C84A-B7CB-45C3-9DF4-F2D4703AB944}.Debug|Any CPU.ActiveCfg = Debug|Any CPU
		{79E7C84A-B7CB-45C3-9DF4-F2D4703AB944}.Debug|Any CPU.Build.0 = Debug|Any CPU
		{79E7C84A-B7CB-45C3-9DF4-F2D4703AB944}.Debug|Any CPU.Deploy.0 = Debug|Any CPU
		{79E7C84A-B7CB-45C3-9DF4-F2D4703AB944}.Debug|ARM.ActiveCfg = Debug|ARM
		{79E7C84A-B7CB-45C3-9DF4-F2D4703AB944}.Debug|ARM.Build.0 = Debug|ARM
		{79E7C84A-B7CB-45C3-9DF4-F2D4703AB944}.Debug|ARM.Deploy.0 = Debug|ARM
		{79E7C84A-B7CB-45C3-9DF4-F2D4703AB944}.Release|Any CPU.ActiveCfg = Release|Any CPU
		{79E7C84A-B7CB-45C3-9DF4-F2D4703AB944}.Release|Any CPU.Build.0 = Release|Any CPU
		{79E7C84A-B7CB-45C3-9DF4-F2D4703AB944}.Release|Any CPU.Deploy.0 = Release|Any CPU
		{79E7C84A-B7CB-45C3-9DF4-F2D4703AB944}.Release|ARM.ActiveCfg = Release|ARM
		{79E7C84A-B7CB-45C3-9DF4-F2D4703AB944}.Release|ARM.Build.0 = Release|ARM
		{79E7C84A-B7CB-45C3-9DF4-F2D4703AB944}.Release|ARM.Deploy.0 = Release|ARM
		{460C536A-FA50-46C0-B9DA-A0B4F8546AEE}.Debug|Any CPU.ActiveCfg = Debug|Any CPU
		{460C536A-FA50-46C0-B9DA-A0B4F8546AEE}.Debug|Any CPU.Build.0 = Debug|Any CPU
		{460C536A-FA50-46C0-B9DA-A0B4F8546AEE}.Debug|ARM.ActiveCfg = Debug|ARM
		{460C536A-FA50-46C0-B9DA-A0B4F8546AEE}.Debug|ARM.Build.0 = Debug|ARM
		{460C536A-FA50-46C0-B9DA-A0B4F8546AEE}.Release|Any CPU.ActiveCfg = Release|Any CPU
		{460C536A-FA50-46C0-B9DA-A0B4F8546AEE}.Release|Any CPU.Build.0 = Release|Any CPU
		{460C536A-FA50-46C0-B9DA-A0B4F8546AEE}.Release|ARM.ActiveCfg = Release|ARM
		{460C536A-FA50-46C0-B9DA-A0B4F8546AEE}.Release|ARM.Build.0 = Release|ARM
		{EA329551-869B-40A5-BC2A-A415E35A9D98}.Debug|Any CPU.ActiveCfg = Debug|Any CPU
		{EA329551-869B-40A5-BC2A-A415E35A9D98}.Debug|Any CPU.Build.0 = Debug|Any CPU
		{EA329551-869B-40A5-BC2A-A415E35A9D98}.Debug|ARM.ActiveCfg = Debug|ARM
		{EA329551-869B-40A5-BC2A-A415E35A9D98}.Debug|ARM.Build.0 = Debug|ARM
		{EA329551-869B-40A5-BC2A-A415E35A9D98}.Release|Any CPU.ActiveCfg = Release|Any CPU
		{EA329551-869B-40A5-BC2A-A415E35A9D98}.Release|Any CPU.Build.0 = Release|Any CPU
		{EA329551-869B-40A5-BC2A-A415E35A9D98}.Release|ARM.ActiveCfg = Release|ARM
		{EA329551-869B-40A5-BC2A-A415E35A9D98}.Release|ARM.Build.0 = Release|ARM
		{CE4B6565-208F-41DA-B260-30C8758AD9F4}.Debug|Any CPU.ActiveCfg = Debug|Any CPU
		{CE4B6565-208F-41DA-B260-30C8758AD9F4}.Debug|Any CPU.Build.0 = Debug|Any CPU
		{CE4B6565-208F-41DA-B260-30C8758AD9F4}.Debug|ARM.ActiveCfg = Debug|ARM
		{CE4B6565-208F-41DA-B260-30C8758AD9F4}.Debug|ARM.Build.0 = Debug|ARM
		{CE4B6565-208F-41DA-B260-30C8758AD9F4}.Release|Any CPU.ActiveCfg = Release|Any CPU
		{CE4B6565-208F-41DA-B260-30C8758AD9F4}.Release|Any CPU.Build.0 = Release|Any CPU
		{CE4B6565-208F-41DA-B260-30C8758AD9F4}.Release|ARM.ActiveCfg = Release|ARM
		{CE4B6565-208F-41DA-B260-30C8758AD9F4}.Release|ARM.Build.0 = Release|ARM
		{1896345A-8FAC-4D7E-A754-1509F4AA77D5}.Debug|Any CPU.ActiveCfg = Debug|Any CPU
		{1896345A-8FAC-4D7E-A754-1509F4AA77D5}.Debug|Any CPU.Build.0 = Debug|Any CPU
		{1896345A-8FAC-4D7E-A754-1509F4AA77D5}.Debug|ARM.ActiveCfg = Debug|ARM
		{1896345A-8FAC-4D7E-A754-1509F4AA77D5}.Debug|ARM.Build.0 = Debug|ARM
		{1896345A-8FAC-4D7E-A754-1509F4AA77D5}.Release|Any CPU.ActiveCfg = Release|Any CPU
		{1896345A-8FAC-4D7E-A754-1509F4AA77D5}.Release|Any CPU.Build.0 = Release|Any CPU
		{1896345A-8FAC-4D7E-A754-1509F4AA77D5}.Release|ARM.ActiveCfg = Release|ARM
		{1896345A-8FAC-4D7E-A754-1509F4AA77D5}.Release|ARM.Build.0 = Release|ARM
		{F2BA106B-3098-495F-90DC-D23E5458C95B}.Debug|Any CPU.ActiveCfg = Debug|Any CPU
		{F2BA106B-3098-495F-90DC-D23E5458C95B}.Debug|Any CPU.Build.0 = Debug|Any CPU
		{F2BA106B-3098-495F-90DC-D23E5458C95B}.Debug|ARM.ActiveCfg = Debug|ARM
		{F2BA106B-3098-495F-90DC-D23E5458C95B}.Debug|ARM.Build.0 = Debug|ARM
		{F2BA106B-3098-495F-90DC-D23E5458C95B}.Release|Any CPU.ActiveCfg = Release|Any CPU
		{F2BA106B-3098-495F-90DC-D23E5458C95B}.Release|Any CPU.Build.0 = Release|Any CPU
		{F2BA106B-3098-495F-90DC-D23E5458C95B}.Release|ARM.ActiveCfg = Release|ARM
		{F2BA106B-3098-495F-90DC-D23E5458C95B}.Release|ARM.Build.0 = Release|ARM
	EndGlobalSection
	GlobalSection(SolutionProperties) = preSolution
		HideSolutionNode = FALSE
	EndGlobalSection
EndGlobal
